
Microsoft Visual Studio Solution File, Format Version 12.00
Project("{FAE04EC0-301F-11D3-BF4B-00C04F79EFBC}") = "GeekShopping.ProductAPI", "GeekShopping.ProductAPI\GeekShopping.ProductAPI.csproj", "{1013B4E1-187E-4963-9199-8262169F9D2E}"
EndProject
Global
	GlobalSection(SolutionConfigurationPlatforms) = preSolution
		Debug|Any CPU = Debug|Any CPU
		Release|Any CPU = Release|Any CPU
	EndGlobalSection
	GlobalSection(ProjectConfigurationPlatforms) = postSolution
		{1013B4E1-187E-4963-9199-8262169F9D2E}.Debug|Any CPU.ActiveCfg = Debug|Any CPU
		{1013B4E1-187E-4963-9199-8262169F9D2E}.Debug|Any CPU.Build.0 = Debug|Any CPU
		{1013B4E1-187E-4963-9199-8262169F9D2E}.Release|Any CPU.ActiveCfg = Release|Any CPU
		{1013B4E1-187E-4963-9199-8262169F9D2E}.Release|Any CPU.Build.0 = Release|Any CPU
	EndGlobalSection
EndGlobal
